{
  "requires": true,
  "lockfileVersion": 1,
  "dependencies": {
    "kandinsky": {
      "version": "0.0.5",
      "resolved": "https://registry.npmjs.org/kandinsky/-/kandinsky-0.0.5.tgz",
      "integrity": "sha1-0HdnGHg1RpePjit8mnk4nVxImsA="
    },
    "pil": {
      "version": "0.1.1",
      "resolved": "https://registry.npmjs.org/pil/-/pil-0.1.1.tgz",
      "integrity": "sha1-DUFOYHxqyTjcWegriOKDdDejlY4="
    }
  }
}
